
Microsoft Visual Studio Solution File, Format Version 12.00
# Visual Studio 15
VisualStudioVersion = 15.0.28307.329
MinimumVisualStudioVersion = 10.0.40219.1
Project("{FAE04EC0-301F-11D3-BF4B-00C04F79EFBC}") = "BetService", "BetService\BetService.csproj", "{403AEFF8-FAF1-44B5-8576-A89579247E16}"
EndProject
Project("{E53339B2-1760-4266-BCC7-CA923CBCF16C}") = "docker-compose", "docker-compose.dcproj", "{FEBDD66F-79EA-4783-B70B-D7CF81C8CF4F}"
EndProject
Global
	GlobalSection(SolutionConfigurationPlatforms) = preSolution
		Debug|Any CPU = Debug|Any CPU
		Release|Any CPU = Release|Any CPU
	EndGlobalSection
	GlobalSection(ProjectConfigurationPlatforms) = postSolution
		{403AEFF8-FAF1-44B5-8576-A89579247E16}.Debug|Any CPU.ActiveCfg = Debug|Any CPU
		{403AEFF8-FAF1-44B5-8576-A89579247E16}.Debug|Any CPU.Build.0 = Debug|Any CPU
		{403AEFF8-FAF1-44B5-8576-A89579247E16}.Release|Any CPU.ActiveCfg = Release|Any CPU
		{403AEFF8-FAF1-44B5-8576-A89579247E16}.Release|Any CPU.Build.0 = Release|Any CPU
		{FEBDD66F-79EA-4783-B70B-D7CF81C8CF4F}.Debug|Any CPU.ActiveCfg = Debug|Any CPU
		{FEBDD66F-79EA-4783-B70B-D7CF81C8CF4F}.Debug|Any CPU.Build.0 = Debug|Any CPU
		{FEBDD66F-79EA-4783-B70B-D7CF81C8CF4F}.Release|Any CPU.ActiveCfg = Release|Any CPU
		{FEBDD66F-79EA-4783-B70B-D7CF81C8CF4F}.Release|Any CPU.Build.0 = Release|Any CPU
	EndGlobalSection
	GlobalSection(SolutionProperties) = preSolution
		HideSolutionNode = FALSE
	EndGlobalSection
	GlobalSection(ExtensibilityGlobals) = postSolution
		SolutionGuid = {E7F598D8-9576-41D3-AF9F-AC2905CDC8A9}
	EndGlobalSection
EndGlobal
